
Microsoft Visual Studio Solution File, Format Version 12.00
Project("{FAE04EC0-301F-11D3-BF4B-00C04F79EFBC}") = "ReflectionSerializer", "ReflectionSerializer\ReflectionSerializer.csproj", "{B7687BB7-DA87-471D-A637-7A8B2EE3EA54}"
EndProject
Global
	GlobalSection(SolutionConfigurationPlatforms) = preSolution
		Debug|Any CPU = Debug|Any CPU
		Release|Any CPU = Release|Any CPU
	EndGlobalSection
	GlobalSection(ProjectConfigurationPlatforms) = postSolution
		{B7687BB7-DA87-471D-A637-7A8B2EE3EA54}.Debug|Any CPU.ActiveCfg = Debug|Any CPU
		{B7687BB7-DA87-471D-A637-7A8B2EE3EA54}.Debug|Any CPU.Build.0 = Debug|Any CPU
		{B7687BB7-DA87-471D-A637-7A8B2EE3EA54}.Release|Any CPU.ActiveCfg = Release|Any CPU
		{B7687BB7-DA87-471D-A637-7A8B2EE3EA54}.Release|Any CPU.Build.0 = Release|Any CPU
	EndGlobalSection
EndGlobal
